
Microsoft Visual Studio Solution File, Format Version 12.00
# Visual Studio Version 17
VisualStudioVersion = 17.11.35303.130
MinimumVisualStudioVersion = 10.0.40219.1
Project("{8BC9CEB8-8B4A-11D0-8D11-00A0C91BC942}") = "Laboratorna robota nomer 10.1.B", "Laboratorna robota nomer 10.1.B\Laboratorna robota nomer 10.1.B.vcxproj", "{3FDC3019-E799-44C5-A58D-D70037C12120}"
EndProject
Global
	GlobalSection(SolutionConfigurationPlatforms) = preSolution
		Debug|x64 = Debug|x64
		Debug|x86 = Debug|x86
		Release|x64 = Release|x64
		Release|x86 = Release|x86
	EndGlobalSection
	GlobalSection(ProjectConfigurationPlatforms) = postSolution
		{3FDC3019-E799-44C5-A58D-D70037C12120}.Debug|x64.ActiveCfg = Debug|x64
		{3FDC3019-E799-44C5-A58D-D70037C12120}.Debug|x64.Build.0 = Debug|x64
		{3FDC3019-E799-44C5-A58D-D70037C12120}.Debug|x86.ActiveCfg = Debug|Win32
		{3FDC3019-E799-44C5-A58D-D70037C12120}.Debug|x86.Build.0 = Debug|Win32
		{3FDC3019-E799-44C5-A58D-D70037C12120}.Release|x64.ActiveCfg = Release|x64
		{3FDC3019-E799-44C5-A58D-D70037C12120}.Release|x64.Build.0 = Release|x64
		{3FDC3019-E799-44C5-A58D-D70037C12120}.Release|x86.ActiveCfg = Release|Win32
		{3FDC3019-E799-44C5-A58D-D70037C12120}.Release|x86.Build.0 = Release|Win32
	EndGlobalSection
	GlobalSection(SolutionProperties) = preSolution
		HideSolutionNode = FALSE
	EndGlobalSection
	GlobalSection(ExtensibilityGlobals) = postSolution
		SolutionGuid = {826914D7-DBD2-40EE-B61B-1E03D2D9E404}
	EndGlobalSection
EndGlobal
